
Microsoft Visual Studio Solution File, Format Version 12.00
# Visual Studio Version 17
VisualStudioVersion = 17.8.34309.116
MinimumVisualStudioVersion = 10.0.40219.1
Project("{FAE04EC0-301F-11D3-BF4B-00C04F79EFBC}") = "Roll20AggregatorHosted", "Roll20AggregatorHosted.csproj", "{3940FE7E-75B3-49DF-9828-937244E6488B}"
EndProject
Global
	GlobalSection(SolutionConfigurationPlatforms) = preSolution
		Debug|Any CPU = Debug|Any CPU
		Release|Any CPU = Release|Any CPU
	EndGlobalSection
	GlobalSection(ProjectConfigurationPlatforms) = postSolution
		{3940FE7E-75B3-49DF-9828-937244E6488B}.Debug|Any CPU.ActiveCfg = Debug|Any CPU
		{3940FE7E-75B3-49DF-9828-937244E6488B}.Debug|Any CPU.Build.0 = Debug|Any CPU
		{3940FE7E-75B3-49DF-9828-937244E6488B}.Release|Any CPU.ActiveCfg = Release|Any CPU
		{3940FE7E-75B3-49DF-9828-937244E6488B}.Release|Any CPU.Build.0 = Release|Any CPU
	EndGlobalSection
	GlobalSection(SolutionProperties) = preSolution
		HideSolutionNode = FALSE
	EndGlobalSection
	GlobalSection(ExtensibilityGlobals) = postSolution
		SolutionGuid = {2A438FB0-E62C-4F3B-AC9B-9075C7B97E3D}
	EndGlobalSection
EndGlobal
